
Microsoft Visual Studio Solution File, Format Version 12.00
# Visual Studio Version 16
VisualStudioVersion = 16.0.31105.61
MinimumVisualStudioVersion = 10.0.40219.1
Project("{FAE04EC0-301F-11D3-BF4B-00C04F79EFBC}") = "MiCalculadora", "MiCalculadora\MiCalculadora.csproj", "{E7409DA0-0C05-4B67-A1A5-4DE2DD40F9BC}"
EndProject
Project("{FAE04EC0-301F-11D3-BF4B-00C04F79EFBC}") = "Entidades", "Entidades\Entidades.csproj", "{CF4F5B37-9B07-4A27-AEAF-CDC724645C27}"
EndProject
Global
	GlobalSection(SolutionConfigurationPlatforms) = preSolution
		Debug|Any CPU = Debug|Any CPU
		Release|Any CPU = Release|Any CPU
	EndGlobalSection
	GlobalSection(ProjectConfigurationPlatforms) = postSolution
		{E7409DA0-0C05-4B67-A1A5-4DE2DD40F9BC}.Debug|Any CPU.ActiveCfg = Debug|Any CPU
		{E7409DA0-0C05-4B67-A1A5-4DE2DD40F9BC}.Debug|Any CPU.Build.0 = Debug|Any CPU
		{E7409DA0-0C05-4B67-A1A5-4DE2DD40F9BC}.Release|Any CPU.ActiveCfg = Release|Any CPU
		{E7409DA0-0C05-4B67-A1A5-4DE2DD40F9BC}.Release|Any CPU.Build.0 = Release|Any CPU
		{CF4F5B37-9B07-4A27-AEAF-CDC724645C27}.Debug|Any CPU.ActiveCfg = Debug|Any CPU
		{CF4F5B37-9B07-4A27-AEAF-CDC724645C27}.Debug|Any CPU.Build.0 = Debug|Any CPU
		{CF4F5B37-9B07-4A27-AEAF-CDC724645C27}.Release|Any CPU.ActiveCfg = Release|Any CPU
		{CF4F5B37-9B07-4A27-AEAF-CDC724645C27}.Release|Any CPU.Build.0 = Release|Any CPU
	EndGlobalSection
	GlobalSection(SolutionProperties) = preSolution
		HideSolutionNode = FALSE
	EndGlobalSection
	GlobalSection(ExtensibilityGlobals) = postSolution
		SolutionGuid = {9843FF73-38EF-4E13-A4F2-6F66B3CD7930}
	EndGlobalSection
EndGlobal
